
Microsoft Visual Studio Solution File, Format Version 12.00
# Visual Studio Version 16
VisualStudioVersion = 16.0.30309.148
MinimumVisualStudioVersion = 10.0.40219.1
Project("{FAE04EC0-301F-11D3-BF4B-00C04F79EFBC}") = "part 8 hangman", "part 8 hangman\part 8 hangman.csproj", "{2FA3A1EC-6EC3-4455-A931-D96474F9FAEE}"
EndProject
Global
	GlobalSection(SolutionConfigurationPlatforms) = preSolution
		Debug|Any CPU = Debug|Any CPU
		Release|Any CPU = Release|Any CPU
	EndGlobalSection
	GlobalSection(ProjectConfigurationPlatforms) = postSolution
		{2FA3A1EC-6EC3-4455-A931-D96474F9FAEE}.Debug|Any CPU.ActiveCfg = Debug|Any CPU
		{2FA3A1EC-6EC3-4455-A931-D96474F9FAEE}.Debug|Any CPU.Build.0 = Debug|Any CPU
		{2FA3A1EC-6EC3-4455-A931-D96474F9FAEE}.Release|Any CPU.ActiveCfg = Release|Any CPU
		{2FA3A1EC-6EC3-4455-A931-D96474F9FAEE}.Release|Any CPU.Build.0 = Release|Any CPU
	EndGlobalSection
	GlobalSection(SolutionProperties) = preSolution
		HideSolutionNode = FALSE
	EndGlobalSection
	GlobalSection(ExtensibilityGlobals) = postSolution
		SolutionGuid = {CD544720-44E1-4BBC-86C5-B712FEA975BD}
	EndGlobalSection
EndGlobal
